lockfileVersion: '6.0'

settings:
  autoInstallPeers: false
  excludeLinksFromLockfile: false

importers:

  .: {}

  packages/batman:
    devDependencies:
      '@types/koa-ratelimit':
        specifier: ^5.0.5
        version: 5.0.5

packages:

  /@types/accepts@1.3.7:
    resolution: {integrity: sha512-Pay9fq2lM2wXPWbteBsRAGiWH2hig4ZE2asK+mm7kUzlxRTfL961rj89I6zV/E3PcIkDqyuBEcMxFT7rccugeQ==}
    dependencies:
      '@types/node': 20.11.10
    dev: true

  /@types/body-parser@1.19.5:
    resolution: {integrity: sha512-fB3Zu92ucau0iQ0JMCFQE7b/dv8Ot07NI3KaZIkIUNXq82k4eBAqUaneXfleGY9JWskeS9y+u0nXMyspcuQrCg==}
    dependencies:
      '@types/connect': 3.4.38
      '@types/node': 20.11.10
    dev: true

  /@types/connect@3.4.38:
    resolution: {integrity: sha512-K6uROf1LD88uDQqJCktA4yzL1YYAK6NgfsI0v/mTgyPKWsX1CnJ0XPSDhViejru1GcRkLWb8RlzFYJRqGUbaug==}
    dependencies:
      '@types/node': 20.11.10
    dev: true

  /@types/content-disposition@0.5.8:
    resolution: {integrity: sha512-QVSSvno3dE0MgO76pJhmv4Qyi/j0Yk9pBp0Y7TJ2Tlj+KCgJWY6qX7nnxCOLkZ3VYRSIk1WTxCvwUSdx6CCLdg==}
    dev: true

  /@types/cookies@0.9.0:
    resolution: {integrity: sha512-40Zk8qR147RABiQ7NQnBzWzDcjKzNrntB5BAmeGCb2p/MIyOE+4BVvc17wumsUqUw00bJYqoXFHYygQnEFh4/Q==}
    dependencies:
      '@types/connect': 3.4.38
      '@types/express': 4.17.21
      '@types/keygrip': 1.0.6
      '@types/node': 20.11.10
    dev: true

  /@types/express-serve-static-core@4.17.42:
    resolution: {integrity: sha512-ckM3jm2bf/MfB3+spLPWYPUH573plBFwpOhqQ2WottxYV85j1HQFlxmnTq57X1yHY9awZPig06hL/cLMgNWHIQ==}
    dependencies:
      '@types/node': 20.11.10
      '@types/qs': 6.9.11
      '@types/range-parser': 1.2.7
      '@types/send': 0.17.4
    dev: true

  /@types/express@4.17.21:
    resolution: {integrity: sha512-ejlPM315qwLpaQlQDTjPdsUFSc6ZsP4AN6AlWnogPjQ7CVi7PYF3YVz+CY3jE2pwYf7E/7HlDAN0rV2GxTG0HQ==}
    dependencies:
      '@types/body-parser': 1.19.5
      '@types/express-serve-static-core': 4.17.42
      '@types/qs': 6.9.11
      '@types/serve-static': 1.15.5
    dev: true

  /@types/http-assert@1.5.5:
    resolution: {integrity: sha512-4+tE/lwdAahgZT1g30Jkdm9PzFRde0xwxBNUyRsCitRvCQB90iuA2uJYdUnhnANRcqGXaWOGY4FEoxeElNAK2g==}
    dev: true

  /@types/http-errors@2.0.4:
    resolution: {integrity: sha512-D0CFMMtydbJAegzOyHjtiKPLlvnm3iTZyZRSZoLq2mRhDdmLfIWOCYPfQJ4cu2erKghU++QvjcUjp/5h7hESpA==}
    dev: true

  /@types/ioredis@4.28.10:
    resolution: {integrity: sha512-69LyhUgrXdgcNDv7ogs1qXZomnfOEnSmrmMFqKgt1XMJxmoOSG/u3wYy13yACIfKuMJ8IhKgHafDO3sx19zVQQ==}
    dependencies:
      '@types/node': 20.11.10
    dev: true

  /@types/keygrip@1.0.6:
    resolution: {integrity: sha512-lZuNAY9xeJt7Bx4t4dx0rYCDqGPW8RXhQZK1td7d4H6E9zYbLoOtjBvfwdTKpsyxQI/2jv+armjX/RW+ZNpXOQ==}
    dev: true

  /@types/koa-compose@3.2.8:
    resolution: {integrity: sha512-4Olc63RY+MKvxMwVknCUDhRQX1pFQoBZ/lXcRLP69PQkEpze/0cr8LNqJQe5NFb/b19DWi2a5bTi2VAlQzhJuA==}
    dependencies:
      '@types/koa': 2.14.0
    dev: true

  /@types/koa-ratelimit@5.0.5:
    resolution: {integrity: sha512-BMxiDvFJ9XdLpzqGZqc6TWTg4xKr9pP3EHo/nzJPhIZwZ0e7vZ4D/4MveVvpyHfxnsHkFo8GrI/uUDv8khLgzQ==}
    dependencies:
      '@types/ioredis': 4.28.10
      '@types/koa': 2.14.0
      '@types/node': 20.11.10
    dev: true

  /@types/koa@2.14.0:
    resolution: {integrity: sha512-DTDUyznHGNHAl+wd1n0z1jxNajduyTh8R53xoewuerdBzGo6Ogj6F2299BFtrexJw4NtgjsI5SMPCmV9gZwGXA==}
    dependencies:
      '@types/accepts': 1.3.7
      '@types/content-disposition': 0.5.8
      '@types/cookies': 0.9.0
      '@types/http-assert': 1.5.5
      '@types/http-errors': 2.0.4
      '@types/keygrip': 1.0.6
      '@types/koa-compose': 3.2.8
      '@types/node': 20.11.10
    dev: true

  /@types/mime@1.3.5:
    resolution: {integrity: sha512-/pyBZWSLD2n0dcHE3hq8s8ZvcETHtEuF+3E7XVt0Ig2nvsVQXdghHVcEkIWjy9A0wKfTn97a/PSDYohKIlnP/w==}
    dev: true

  /@types/mime@3.0.4:
    resolution: {integrity: sha512-iJt33IQnVRkqeqC7PzBHPTC6fDlRNRW8vjrgqtScAhrmMwe8c4Eo7+fUGTa+XdWrpEgpyKWMYmi2dIwMAYRzPw==}
    dev: true

  /@types/node@20.11.10:
    resolution: {integrity: sha512-rZEfe/hJSGYmdfX9tvcPMYeYPW2sNl50nsw4jZmRcaG0HIAb0WYEpsB05GOb53vjqpyE9GUhlDQ4jLSoB5q9kg==}
    dependencies:
      undici-types: 5.26.5
    dev: true

  /@types/qs@6.9.11:
    resolution: {integrity: sha512-oGk0gmhnEJK4Yyk+oI7EfXsLayXatCWPHary1MtcmbAifkobT9cM9yutG/hZKIseOU0MqbIwQ/u2nn/Gb+ltuQ==}
    dev: true

  /@types/range-parser@1.2.7:
    resolution: {integrity: sha512-hKormJbkJqzQGhziax5PItDUTMAM9uE2XXQmM37dyd4hVM+5aVl7oVxMVUiVQn2oCQFN/LKCZdvSM0pFRqbSmQ==}
    dev: true

  /@types/send@0.17.4:
    resolution: {integrity: sha512-x2EM6TJOybec7c52BX0ZspPodMsQUd5L6PRwOunVyVUhXiBSKf3AezDL8Dgvgt5o0UfKNfuA0eMLr2wLT4AiBA==}
    dependencies:
      '@types/mime': 1.3.5
      '@types/node': 20.11.10
    dev: true

  /@types/serve-static@1.15.5:
    resolution: {integrity: sha512-PDRk21MnK70hja/YF8AHfC7yIsiQHn1rcXx7ijCFBX/k+XQJhQT/gw3xekXKJvx+5SXaMMS8oqQy09Mzvz2TuQ==}
    dependencies:
      '@types/http-errors': 2.0.4
      '@types/mime': 3.0.4
      '@types/node': 20.11.10
    dev: true

  /undici-types@5.26.5:
    resolution: {integrity: sha512-JlCMO+ehdEIKqlFxk6IfVoAUVmgz7cU7zD/h9XZ0qzeosSHmUJVOzSQvvYSYWXkFXC+IfLKSIffhv0sVZup6pA==}
    dev: true
